
Microsoft Visual Studio Solution File, Format Version 12.00
# Visual Studio Version 17
VisualStudioVersion = 17.2.32616.157
MinimumVisualStudioVersion = 10.0.40219.1
Project("{FAE04EC0-301F-11D3-BF4B-00C04F79EFBC}") = "Demonstration", "Demonstration\Demonstration.csproj", "{2035E07C-0B07-4DCA-AC13-70543BC399D1}"
EndProject
Project("{FAE04EC0-301F-11D3-BF4B-00C04F79EFBC}") = "ClassLibrary1", "ClassLibrary1\ClassLibrary1.csproj", "{3A0C9BF1-0951-4702-8916-A62991E5D08F}"
EndProject
Global
	GlobalSection(SolutionConfigurationPlatforms) = preSolution
		Debug|Any CPU = Debug|Any CPU
		Release|Any CPU = Release|Any CPU
	EndGlobalSection
	GlobalSection(ProjectConfigurationPlatforms) = postSolution
		{2035E07C-0B07-4DCA-AC13-70543BC399D1}.Debug|Any CPU.ActiveCfg = Debug|Any CPU
		{2035E07C-0B07-4DCA-AC13-70543BC399D1}.Debug|Any CPU.Build.0 = Debug|Any CPU
		{2035E07C-0B07-4DCA-AC13-70543BC399D1}.Release|Any CPU.ActiveCfg = Release|Any CPU
		{2035E07C-0B07-4DCA-AC13-70543BC399D1}.Release|Any CPU.Build.0 = Release|Any CPU
		{3A0C9BF1-0951-4702-8916-A62991E5D08F}.Debug|Any CPU.ActiveCfg = Debug|Any CPU
		{3A0C9BF1-0951-4702-8916-A62991E5D08F}.Debug|Any CPU.Build.0 = Debug|Any CPU
		{3A0C9BF1-0951-4702-8916-A62991E5D08F}.Release|Any CPU.ActiveCfg = Release|Any CPU
		{3A0C9BF1-0951-4702-8916-A62991E5D08F}.Release|Any CPU.Build.0 = Release|Any CPU
	EndGlobalSection
	GlobalSection(SolutionProperties) = preSolution
		HideSolutionNode = FALSE
	EndGlobalSection
	GlobalSection(ExtensibilityGlobals) = postSolution
		SolutionGuid = {C8CE545F-7417-4248-A49A-E78CA89F081D}
	EndGlobalSection
EndGlobal
