
Microsoft Visual Studio Solution File, Format Version 12.00
# Visual Studio Version 17
VisualStudioVersion = 17.2.32616.157
MinimumVisualStudioVersion = 10.0.40219.1
Project("{9A19103F-16F7-4668-BE54-9A1E7A4F7556}") = "ConsoleFrontEnd", "ExpenseManagement\ConsoleFrontEnd.csproj", "{EB7DC3B6-2BAB-4F82-938E-1C7DEFBF1E8A}"
EndProject
Project("{9A19103F-16F7-4668-BE54-9A1E7A4F7556}") = "Models", "Models\Models.csproj", "{03044C90-2521-416D-8126-8BF067AC5DD8}"
EndProject
Project("{9A19103F-16F7-4668-BE54-9A1E7A4F7556}") = "DataAccess", "DataAccess\DataAccess.csproj", "{96A11549-7DAC-46EC-8177-587BB715E903}"
EndProject
Project("{9A19103F-16F7-4668-BE54-9A1E7A4F7556}") = "CustomExceptions", "CustomExceptions\CustomExceptions.csproj", "{59EE31BD-7D8D-40AA-B348-27C9AE4B1F53}"
EndProject
Project("{9A19103F-16F7-4668-BE54-9A1E7A4F7556}") = "Services", "Services\Services.csproj", "{E5C89160-1E5F-4F4E-A552-5D3B5D1E1784}"
EndProject
Project("{9A19103F-16F7-4668-BE54-9A1E7A4F7556}") = "WebAPI", "WebAPI\WebAPI.csproj", "{9BFADDD9-406D-49EA-8157-582CEA8613D9}"
EndProject
Global
	GlobalSection(SolutionConfigurationPlatforms) = preSolution
		Debug|Any CPU = Debug|Any CPU
		Release|Any CPU = Release|Any CPU
	EndGlobalSection
	GlobalSection(ProjectConfigurationPlatforms) = postSolution
		{EB7DC3B6-2BAB-4F82-938E-1C7DEFBF1E8A}.Debug|Any CPU.ActiveCfg = Debug|Any CPU
		{EB7DC3B6-2BAB-4F82-938E-1C7DEFBF1E8A}.Debug|Any CPU.Build.0 = Debug|Any CPU
		{EB7DC3B6-2BAB-4F82-938E-1C7DEFBF1E8A}.Release|Any CPU.ActiveCfg = Release|Any CPU
		{EB7DC3B6-2BAB-4F82-938E-1C7DEFBF1E8A}.Release|Any CPU.Build.0 = Release|Any CPU
		{03044C90-2521-416D-8126-8BF067AC5DD8}.Debug|Any CPU.ActiveCfg = Debug|Any CPU
		{03044C90-2521-416D-8126-8BF067AC5DD8}.Debug|Any CPU.Build.0 = Debug|Any CPU
		{03044C90-2521-416D-8126-8BF067AC5DD8}.Release|Any CPU.ActiveCfg = Release|Any CPU
		{03044C90-2521-416D-8126-8BF067AC5DD8}.Release|Any CPU.Build.0 = Release|Any CPU
		{96A11549-7DAC-46EC-8177-587BB715E903}.Debug|Any CPU.ActiveCfg = Debug|Any CPU
		{96A11549-7DAC-46EC-8177-587BB715E903}.Debug|Any CPU.Build.0 = Debug|Any CPU
		{96A11549-7DAC-46EC-8177-587BB715E903}.Release|Any CPU.ActiveCfg = Release|Any CPU
		{96A11549-7DAC-46EC-8177-587BB715E903}.Release|Any CPU.Build.0 = Release|Any CPU
		{F19DC630-59C3-40B5-B3F9-5A76EDE7A09D}.Debug|Any CPU.ActiveCfg = Debug|Any CPU
		{F19DC630-59C3-40B5-B3F9-5A76EDE7A09D}.Debug|Any CPU.Build.0 = Debug|Any CPU
		{F19DC630-59C3-40B5-B3F9-5A76EDE7A09D}.Release|Any CPU.ActiveCfg = Release|Any CPU
		{F19DC630-59C3-40B5-B3F9-5A76EDE7A09D}.Release|Any CPU.Build.0 = Release|Any CPU
		{59EE31BD-7D8D-40AA-B348-27C9AE4B1F53}.Debug|Any CPU.ActiveCfg = Debug|Any CPU
		{59EE31BD-7D8D-40AA-B348-27C9AE4B1F53}.Debug|Any CPU.Build.0 = Debug|Any CPU
		{59EE31BD-7D8D-40AA-B348-27C9AE4B1F53}.Release|Any CPU.ActiveCfg = Release|Any CPU
		{59EE31BD-7D8D-40AA-B348-27C9AE4B1F53}.Release|Any CPU.Build.0 = Release|Any CPU
		{E5C89160-1E5F-4F4E-A552-5D3B5D1E1784}.Debug|Any CPU.ActiveCfg = Debug|Any CPU
		{E5C89160-1E5F-4F4E-A552-5D3B5D1E1784}.Debug|Any CPU.Build.0 = Debug|Any CPU
		{E5C89160-1E5F-4F4E-A552-5D3B5D1E1784}.Release|Any CPU.ActiveCfg = Release|Any CPU
		{E5C89160-1E5F-4F4E-A552-5D3B5D1E1784}.Release|Any CPU.Build.0 = Release|Any CPU
		{9BFADDD9-406D-49EA-8157-582CEA8613D9}.Debug|Any CPU.ActiveCfg = Debug|Any CPU
		{9BFADDD9-406D-49EA-8157-582CEA8613D9}.Debug|Any CPU.Build.0 = Debug|Any CPU
		{9BFADDD9-406D-49EA-8157-582CEA8613D9}.Release|Any CPU.ActiveCfg = Release|Any CPU
		{9BFADDD9-406D-49EA-8157-582CEA8613D9}.Release|Any CPU.Build.0 = Release|Any CPU
		{D03EE177-03A5-499B-AF80-81CF98EF5A6B}.Debug|Any CPU.ActiveCfg = Debug|Any CPU
		{D03EE177-03A5-499B-AF80-81CF98EF5A6B}.Debug|Any CPU.Build.0 = Debug|Any CPU
		{D03EE177-03A5-499B-AF80-81CF98EF5A6B}.Release|Any CPU.ActiveCfg = Release|Any CPU
		{D03EE177-03A5-499B-AF80-81CF98EF5A6B}.Release|Any CPU.Build.0 = Release|Any CPU
	EndGlobalSection
	GlobalSection(SolutionProperties) = preSolution
		HideSolutionNode = FALSE
	EndGlobalSection
	GlobalSection(ExtensibilityGlobals) = postSolution
		SolutionGuid = {3C56B565-E8EF-483C-9464-E53726F0B03A}
	EndGlobalSection
EndGlobal
